
Microsoft Visual Studio Solution File, Format Version 12.00
# Visual Studio Version 17
VisualStudioVersion = 17.9.34701.34
MinimumVisualStudioVersion = 10.0.40219.1
Project("{FAE04EC0-301F-11D3-BF4B-00C04F79EFBC}") = "15_Puzzle_Game", "15_Puzzle_Game\15_Puzzle_Game.csproj", "{E55AEA32-80C7-4053-8EAB-9C54C3E2DE79}"
EndProject
Project("{FAE04EC0-301F-11D3-BF4B-00C04F79EFBC}") = "SelectLevel", "SelectLevel\SelectLevel.csproj", "{E49B7C7C-A0F9-4831-A0E4-D9C49FFE3008}"
EndProject
Global
	GlobalSection(SolutionConfigurationPlatforms) = preSolution
		Debug|Any CPU = Debug|Any CPU
		Release|Any CPU = Release|Any CPU
	EndGlobalSection
	GlobalSection(ProjectConfigurationPlatforms) = postSolution
		{E55AEA32-80C7-4053-8EAB-9C54C3E2DE79}.Debug|Any CPU.ActiveCfg = Debug|Any CPU
		{E55AEA32-80C7-4053-8EAB-9C54C3E2DE79}.Debug|Any CPU.Build.0 = Debug|Any CPU
		{E55AEA32-80C7-4053-8EAB-9C54C3E2DE79}.Release|Any CPU.ActiveCfg = Release|Any CPU
		{E55AEA32-80C7-4053-8EAB-9C54C3E2DE79}.Release|Any CPU.Build.0 = Release|Any CPU
		{E49B7C7C-A0F9-4831-A0E4-D9C49FFE3008}.Debug|Any CPU.ActiveCfg = Debug|Any CPU
		{E49B7C7C-A0F9-4831-A0E4-D9C49FFE3008}.Debug|Any CPU.Build.0 = Debug|Any CPU
		{E49B7C7C-A0F9-4831-A0E4-D9C49FFE3008}.Release|Any CPU.ActiveCfg = Release|Any CPU
		{E49B7C7C-A0F9-4831-A0E4-D9C49FFE3008}.Release|Any CPU.Build.0 = Release|Any CPU
	EndGlobalSection
	GlobalSection(SolutionProperties) = preSolution
		HideSolutionNode = FALSE
	EndGlobalSection
	GlobalSection(ExtensibilityGlobals) = postSolution
		SolutionGuid = {A24DEA9F-538D-4EDD-B90A-74785BF83197}
	EndGlobalSection
EndGlobal
